
Microsoft Visual Studio Solution File, Format Version 12.00
# Visual Studio Version 17
VisualStudioVersion = 17.14.36109.1 d17.14
MinimumVisualStudioVersion = 10.0.40219.1
Project("{FAE04EC0-301F-11D3-BF4B-00C04F79EFBC}") = "T2025_11_17_teszt", "T2025_11_17_teszt\T2025_11_17_teszt.csproj", "{2D8755E7-BD5E-423A-A951-7DB289F3603E}"
EndProject
Global
	GlobalSection(SolutionConfigurationPlatforms) = preSolution
		Debug|Any CPU = Debug|Any CPU
		Release|Any CPU = Release|Any CPU
	EndGlobalSection
	GlobalSection(ProjectConfigurationPlatforms) = postSolution
		{2D8755E7-BD5E-423A-A951-7DB289F3603E}.Debug|Any CPU.ActiveCfg = Debug|Any CPU
		{2D8755E7-BD5E-423A-A951-7DB289F3603E}.Debug|Any CPU.Build.0 = Debug|Any CPU
		{2D8755E7-BD5E-423A-A951-7DB289F3603E}.Release|Any CPU.ActiveCfg = Release|Any CPU
		{2D8755E7-BD5E-423A-A951-7DB289F3603E}.Release|Any CPU.Build.0 = Release|Any CPU
	EndGlobalSection
	GlobalSection(SolutionProperties) = preSolution
		HideSolutionNode = FALSE
	EndGlobalSection
	GlobalSection(ExtensibilityGlobals) = postSolution
		SolutionGuid = {7A911A50-C08A-4422-B3BF-348E06665B78}
	EndGlobalSection
EndGlobal
